
Microsoft Visual Studio Solution File, Format Version 12.00
# Visual Studio Version 17
VisualStudioVersion = 17.4.33213.308
MinimumVisualStudioVersion = 10.0.40219.1
Project("{FAE04EC0-301F-11D3-BF4B-00C04F79EFBC}") = "Interfaces", "Interfaces\Interfaces.csproj", "{DD79E0E7-D6E0-45A1-9B0B-D127387C380E}"
EndProject
Global
	GlobalSection(SolutionConfigurationPlatforms) = preSolution
		Debug|Any CPU = Debug|Any CPU
		Release|Any CPU = Release|Any CPU
	EndGlobalSection
	GlobalSection(ProjectConfigurationPlatforms) = postSolution
		{DD79E0E7-D6E0-45A1-9B0B-D127387C380E}.Debug|Any CPU.ActiveCfg = Debug|Any CPU
		{DD79E0E7-D6E0-45A1-9B0B-D127387C380E}.Debug|Any CPU.Build.0 = Debug|Any CPU
		{DD79E0E7-D6E0-45A1-9B0B-D127387C380E}.Release|Any CPU.ActiveCfg = Release|Any CPU
		{DD79E0E7-D6E0-45A1-9B0B-D127387C380E}.Release|Any CPU.Build.0 = Release|Any CPU
	EndGlobalSection
	GlobalSection(SolutionProperties) = preSolution
		HideSolutionNode = FALSE
	EndGlobalSection
	GlobalSection(ExtensibilityGlobals) = postSolution
		SolutionGuid = {2228241F-B911-45A1-8B7D-C4A13C93E9A7}
	EndGlobalSection
EndGlobal
