
Microsoft Visual Studio Solution File, Format Version 12.00
# Visual Studio Version 17
VisualStudioVersion = 17.4.33205.214
MinimumVisualStudioVersion = 10.0.40219.1
Project("{FAE04EC0-301F-11D3-BF4B-00C04F79EFBC}") = "POO ex01", "POO ex01\POO ex01.csproj", "{B0502901-FE66-4124-829A-C4F114F41977}"
EndProject
Global
	GlobalSection(SolutionConfigurationPlatforms) = preSolution
		Debug|Any CPU = Debug|Any CPU
		Release|Any CPU = Release|Any CPU
	EndGlobalSection
	GlobalSection(ProjectConfigurationPlatforms) = postSolution
		{B0502901-FE66-4124-829A-C4F114F41977}.Debug|Any CPU.ActiveCfg = Debug|Any CPU
		{B0502901-FE66-4124-829A-C4F114F41977}.Debug|Any CPU.Build.0 = Debug|Any CPU
		{B0502901-FE66-4124-829A-C4F114F41977}.Release|Any CPU.ActiveCfg = Release|Any CPU
		{B0502901-FE66-4124-829A-C4F114F41977}.Release|Any CPU.Build.0 = Release|Any CPU
	EndGlobalSection
	GlobalSection(SolutionProperties) = preSolution
		HideSolutionNode = FALSE
	EndGlobalSection
	GlobalSection(ExtensibilityGlobals) = postSolution
		SolutionGuid = {08CD1DDB-711B-46D7-8A91-9BBFCE623666}
	EndGlobalSection
EndGlobal
