
Microsoft Visual Studio Solution File, Format Version 12.00
# Visual Studio Version 17
VisualStudioVersion = 17.4.33213.308
MinimumVisualStudioVersion = 10.0.40219.1
Project("{FAE04EC0-301F-11D3-BF4B-00C04F79EFBC}") = "POO_EX_07", "POO_EX_07\POO_EX_07.csproj", "{B547C46C-469A-4FFE-81DA-77E20FE7E7E6}"
EndProject
Global
	GlobalSection(SolutionConfigurationPlatforms) = preSolution
		Debug|Any CPU = Debug|Any CPU
		Release|Any CPU = Release|Any CPU
	EndGlobalSection
	GlobalSection(ProjectConfigurationPlatforms) = postSolution
		{B547C46C-469A-4FFE-81DA-77E20FE7E7E6}.Debug|Any CPU.ActiveCfg = Debug|Any CPU
		{B547C46C-469A-4FFE-81DA-77E20FE7E7E6}.Debug|Any CPU.Build.0 = Debug|Any CPU
		{B547C46C-469A-4FFE-81DA-77E20FE7E7E6}.Release|Any CPU.ActiveCfg = Release|Any CPU
		{B547C46C-469A-4FFE-81DA-77E20FE7E7E6}.Release|Any CPU.Build.0 = Release|Any CPU
	EndGlobalSection
	GlobalSection(SolutionProperties) = preSolution
		HideSolutionNode = FALSE
	EndGlobalSection
	GlobalSection(ExtensibilityGlobals) = postSolution
		SolutionGuid = {83E03547-E142-4455-8A0B-03D96EBEF542}
	EndGlobalSection
EndGlobal
